{
  "name": "screens_dev_1135",
  "version": "0.0.1",
  "lockfileVersion": 1,
  "requires": true,
  "dependencies": {
    "ignite-maps": {
      "version": "1.0.1",
      "resolved": "https://registry.npmjs.org/ignite-maps/-/ignite-maps-1.0.1.tgz",
      "integrity": "sha512-ggURr0W1IyoePgLqZoOrO/lbUjUgR3r+MQs+ojAbUxsmfCQTuLLcNA03rTtj8L+Lp12Rty17XV5CUeZdfu24sg==",
      "dev": true
    },
    "react-native-maps": {
      "version": "0.16.4",
      "resolved": "https://registry.npmjs.org/react-native-maps/-/react-native-maps-0.16.4.tgz",
      "integrity": "sha512-dG7ISqQoy8RyshrFkHiAnmhf5CcoaenPLLB4s+GJgabcS3FTD72EWFhmIHewd+ItSFLzXQXbhW40aUpAMCFhfg=="
    }
  }
}
